
Microsoft Visual Studio Solution File, Format Version 12.00
# Visual Studio Version 17
VisualStudioVersion = 17.3.32825.248
MinimumVisualStudioVersion = 10.0.40219.1
Project("{9A19103F-16F7-4668-BE54-9A1E7A4F7556}") = "D3DLab.Viewer", "D3DLab.Viewer\D3DLab.Viewer.csproj", "{56DC2D62-D62B-40E4-94E1-CA65493F2593}"
EndProject
Project("{9A19103F-16F7-4668-BE54-9A1E7A4F7556}") = "D3DLab.Debugger", "D3DLab.Debugger\D3DLab.Debugger.csproj", "{343D3D81-677B-4DD0-A84C-D845B5327CA4}"
EndProject
Project("{2150E333-8FDC-42A3-9474-1A3956D46DE8}") = "plugins", "plugins", "{FC2962A5-61D3-414C-98E8-A6E535118918}"
EndProject
Project("{2150E333-8FDC-42A3-9474-1A3956D46DE8}") = "sandbox", "sandbox", "{8578DE1D-9B9E-403D-9A73-A9444725E150}"
EndProject
Project("{9A19103F-16F7-4668-BE54-9A1E7A4F7556}") = "D3DLab.Sandbox.App", "D3DLab.Sandbox.App\D3DLab.Sandbox.App.csproj", "{C6DC1B94-574E-4DBA-B54C-F115975FBEE5}"
EndProject
Project("{9A19103F-16F7-4668-BE54-9A1E7A4F7556}") = "D3DLab.App.Shell", "D3DLab.App.Shell\D3DLab.App.Shell.csproj", "{378B5613-C3A1-4D19-B5A4-5BF255564758}"
EndProject
Project("{9A19103F-16F7-4668-BE54-9A1E7A4F7556}") = "D3DLab.ECS", "ecs\D3DLab.ECS\D3DLab.ECS.csproj", "{56636EC7-CC1F-47A1-8F13-DFEEDA605C52}"
EndProject
Project("{2150E333-8FDC-42A3-9474-1A3956D46DE8}") = "ecs", "ecs", "{86E9A574-B85C-4126-AA3D-F20B22052C96}"
EndProject
Project("{9A19103F-16F7-4668-BE54-9A1E7A4F7556}") = "D3DLab.FileFormats", "ecs\D3DLab.FileFormats\D3DLab.FileFormats.csproj", "{D8FC3FD9-1CDD-4C36-8E6E-74069653AACF}"
EndProject
Project("{9A19103F-16F7-4668-BE54-9A1E7A4F7556}") = "D3DLab.Plugin", "ecs\D3DLab.Plugin\D3DLab.Plugin.csproj", "{26CF0E30-3501-4CA8-83F0-B2DA0E06CDDB}"
EndProject
Project("{9A19103F-16F7-4668-BE54-9A1E7A4F7556}") = "D3DLab.SDX.Engine", "ecs\D3DLab.SDX.Engine\D3DLab.SDX.Engine.csproj", "{39A9ED45-88D7-4DB8-B1D1-EE238026E58D}"
EndProject
Project("{9A19103F-16F7-4668-BE54-9A1E7A4F7556}") = "D3DLab.Toolkit", "ecs\D3DLab.Toolkit\D3DLab.Toolkit.csproj", "{93023FB4-04F3-4C13-BECB-5EC027D470FE}"
EndProject
Project("{9A19103F-16F7-4668-BE54-9A1E7A4F7556}") = "D3DLab.Plugins.FileGeoGroups", "plugins\D3DLab.Plugins.FileGeoGroups\D3DLab.Plugins.FileGeoGroups.csproj", "{DB7EECBD-F96D-4DF6-95C4-D97850097FC1}"
EndProject
Project("{2150E333-8FDC-42A3-9474-1A3956D46DE8}") = "wpf", "wpf", "{83F200CB-12FE-4E24-9AF7-D7CADEA2AC19}"
EndProject
Project("{9A19103F-16F7-4668-BE54-9A1E7A4F7556}") = "WPFLab", "WPFLab\WPFLab\WPFLab.csproj", "{E71CAC82-E545-4D0A-86AB-52C3F5B4479E}"
EndProject
Global
	GlobalSection(SolutionConfigurationPlatforms) = preSolution
		Debug|Any CPU = Debug|Any CPU
		Debug|x64 = Debug|x64
		Debug|x86 = Debug|x86
		Release|Any CPU = Release|Any CPU
		Release|x64 = Release|x64
		Release|x86 = Release|x86
		ReleaseStrip|Any CPU = ReleaseStrip|Any CPU
		ReleaseStrip|x64 = ReleaseStrip|x64
		ReleaseStrip|x86 = ReleaseStrip|x86
		ReleaseStripNoProfiling|Any CPU = ReleaseStripNoProfiling|Any CPU
		ReleaseStripNoProfiling|x64 = ReleaseStripNoProfiling|x64
		ReleaseStripNoProfiling|x86 = ReleaseStripNoProfiling|x86
	EndGlobalSection
	GlobalSection(ProjectConfigurationPlatforms) = postSolution
		{56DC2D62-D62B-40E4-94E1-CA65493F2593}.Debug|Any CPU.ActiveCfg = Debug|Any CPU
		{56DC2D62-D62B-40E4-94E1-CA65493F2593}.Debug|Any CPU.Build.0 = Debug|Any CPU
		{56DC2D62-D62B-40E4-94E1-CA65493F2593}.Debug|x64.ActiveCfg = Debug|Any CPU
		{56DC2D62-D62B-40E4-94E1-CA65493F2593}.Debug|x64.Build.0 = Debug|Any CPU
		{56DC2D62-D62B-40E4-94E1-CA65493F2593}.Debug|x86.ActiveCfg = Debug|Any CPU
		{56DC2D62-D62B-40E4-94E1-CA65493F2593}.Debug|x86.Build.0 = Debug|Any CPU
		{56DC2D62-D62B-40E4-94E1-CA65493F2593}.Release|Any CPU.ActiveCfg = Release|Any CPU
		{56DC2D62-D62B-40E4-94E1-CA65493F2593}.Release|Any CPU.Build.0 = Release|Any CPU
		{56DC2D62-D62B-40E4-94E1-CA65493F2593}.Release|x64.ActiveCfg = Release|x64
		{56DC2D62-D62B-40E4-94E1-CA65493F2593}.Release|x64.Build.0 = Release|x64
		{56DC2D62-D62B-40E4-94E1-CA65493F2593}.Release|x86.ActiveCfg = Release|Any CPU
		{56DC2D62-D62B-40E4-94E1-CA65493F2593}.Release|x86.Build.0 = Release|Any CPU
		{56DC2D62-D62B-40E4-94E1-CA65493F2593}.ReleaseStrip|Any CPU.ActiveCfg = Release|Any CPU
		{56DC2D62-D62B-40E4-94E1-CA65493F2593}.ReleaseStrip|Any CPU.Build.0 = Release|Any CPU
		{56DC2D62-D62B-40E4-94E1-CA65493F2593}.ReleaseStrip|x64.ActiveCfg = Release|Any CPU
		{56DC2D62-D62B-40E4-94E1-CA65493F2593}.ReleaseStrip|x64.Build.0 = Release|Any CPU
		{56DC2D62-D62B-40E4-94E1-CA65493F2593}.ReleaseStrip|x86.ActiveCfg = Release|Any CPU
		{56DC2D62-D62B-40E4-94E1-CA65493F2593}.ReleaseStrip|x86.Build.0 = Release|Any CPU
		{56DC2D62-D62B-40E4-94E1-CA65493F2593}.ReleaseStripNoProfiling|Any CPU.ActiveCfg = Release|Any CPU
		{56DC2D62-D62B-40E4-94E1-CA65493F2593}.ReleaseStripNoProfiling|Any CPU.Build.0 = Release|Any CPU
		{56DC2D62-D62B-40E4-94E1-CA65493F2593}.ReleaseStripNoProfiling|x64.ActiveCfg = Release|Any CPU
		{56DC2D62-D62B-40E4-94E1-CA65493F2593}.ReleaseStripNoProfiling|x64.Build.0 = Release|Any CPU
		{56DC2D62-D62B-40E4-94E1-CA65493F2593}.ReleaseStripNoProfiling|x86.ActiveCfg = Release|Any CPU
		{56DC2D62-D62B-40E4-94E1-CA65493F2593}.ReleaseStripNoProfiling|x86.Build.0 = Release|Any CPU
		{343D3D81-677B-4DD0-A84C-D845B5327CA4}.Debug|Any CPU.ActiveCfg = Debug|Any CPU
		{343D3D81-677B-4DD0-A84C-D845B5327CA4}.Debug|Any CPU.Build.0 = Debug|Any CPU
		{343D3D81-677B-4DD0-A84C-D845B5327CA4}.Debug|x64.ActiveCfg = Debug|Any CPU
		{343D3D81-677B-4DD0-A84C-D845B5327CA4}.Debug|x64.Build.0 = Debug|Any CPU
		{343D3D81-677B-4DD0-A84C-D845B5327CA4}.Debug|x86.ActiveCfg = Debug|Any CPU
		{343D3D81-677B-4DD0-A84C-D845B5327CA4}.Debug|x86.Build.0 = Debug|Any CPU
		{343D3D81-677B-4DD0-A84C-D845B5327CA4}.Release|Any CPU.ActiveCfg = Release|Any CPU
		{343D3D81-677B-4DD0-A84C-D845B5327CA4}.Release|Any CPU.Build.0 = Release|Any CPU
		{343D3D81-677B-4DD0-A84C-D845B5327CA4}.Release|x64.ActiveCfg = Release|x64
		{343D3D81-677B-4DD0-A84C-D845B5327CA4}.Release|x64.Build.0 = Release|x64
		{343D3D81-677B-4DD0-A84C-D845B5327CA4}.Release|x86.ActiveCfg = Release|Any CPU
		{343D3D81-677B-4DD0-A84C-D845B5327CA4}.Release|x86.Build.0 = Release|Any CPU
		{343D3D81-677B-4DD0-A84C-D845B5327CA4}.ReleaseStrip|Any CPU.ActiveCfg = Release|Any CPU
		{343D3D81-677B-4DD0-A84C-D845B5327CA4}.ReleaseStrip|Any CPU.Build.0 = Release|Any CPU
		{343D3D81-677B-4DD0-A84C-D845B5327CA4}.ReleaseStrip|x64.ActiveCfg = Release|Any CPU
		{343D3D81-677B-4DD0-A84C-D845B5327CA4}.ReleaseStrip|x64.Build.0 = Release|Any CPU
		{343D3D81-677B-4DD0-A84C-D845B5327CA4}.ReleaseStrip|x86.ActiveCfg = Release|Any CPU
		{343D3D81-677B-4DD0-A84C-D845B5327CA4}.ReleaseStrip|x86.Build.0 = Release|Any CPU
		{343D3D81-677B-4DD0-A84C-D845B5327CA4}.ReleaseStripNoProfiling|Any CPU.ActiveCfg = Release|Any CPU
		{343D3D81-677B-4DD0-A84C-D845B5327CA4}.ReleaseStripNoProfiling|Any CPU.Build.0 = Release|Any CPU
		{343D3D81-677B-4DD0-A84C-D845B5327CA4}.ReleaseStripNoProfiling|x64.ActiveCfg = Release|Any CPU
		{343D3D81-677B-4DD0-A84C-D845B5327CA4}.ReleaseStripNoProfiling|x64.Build.0 = Release|Any CPU
		{343D3D81-677B-4DD0-A84C-D845B5327CA4}.ReleaseStripNoProfiling|x86.ActiveCfg = Release|Any CPU
		{343D3D81-677B-4DD0-A84C-D845B5327CA4}.ReleaseStripNoProfiling|x86.Build.0 = Release|Any CPU
		{C6DC1B94-574E-4DBA-B54C-F115975FBEE5}.Debug|Any CPU.ActiveCfg = Debug|Any CPU
		{C6DC1B94-574E-4DBA-B54C-F115975FBEE5}.Debug|Any CPU.Build.0 = Debug|Any CPU
		{C6DC1B94-574E-4DBA-B54C-F115975FBEE5}.Debug|x64.ActiveCfg = Debug|Any CPU
		{C6DC1B94-574E-4DBA-B54C-F115975FBEE5}.Debug|x64.Build.0 = Debug|Any CPU
		{C6DC1B94-574E-4DBA-B54C-F115975FBEE5}.Debug|x86.ActiveCfg = Debug|Any CPU
		{C6DC1B94-574E-4DBA-B54C-F115975FBEE5}.Debug|x86.Build.0 = Debug|Any CPU
		{C6DC1B94-574E-4DBA-B54C-F115975FBEE5}.Release|Any CPU.ActiveCfg = Release|Any CPU
		{C6DC1B94-574E-4DBA-B54C-F115975FBEE5}.Release|Any CPU.Build.0 = Release|Any CPU
		{C6DC1B94-574E-4DBA-B54C-F115975FBEE5}.Release|x64.ActiveCfg = Release|Any CPU
		{C6DC1B94-574E-4DBA-B54C-F115975FBEE5}.Release|x64.Build.0 = Release|Any CPU
		{C6DC1B94-574E-4DBA-B54C-F115975FBEE5}.Release|x86.ActiveCfg = Release|Any CPU
		{C6DC1B94-574E-4DBA-B54C-F115975FBEE5}.Release|x86.Build.0 = Release|Any CPU
		{C6DC1B94-574E-4DBA-B54C-F115975FBEE5}.ReleaseStrip|Any CPU.ActiveCfg = Release|Any CPU
		{C6DC1B94-574E-4DBA-B54C-F115975FBEE5}.ReleaseStrip|Any CPU.Build.0 = Release|Any CPU
		{C6DC1B94-574E-4DBA-B54C-F115975FBEE5}.ReleaseStrip|x64.ActiveCfg = Release|Any CPU
		{C6DC1B94-574E-4DBA-B54C-F115975FBEE5}.ReleaseStrip|x64.Build.0 = Release|Any CPU
		{C6DC1B94-574E-4DBA-B54C-F115975FBEE5}.ReleaseStrip|x86.ActiveCfg = Release|Any CPU
		{C6DC1B94-574E-4DBA-B54C-F115975FBEE5}.ReleaseStrip|x86.Build.0 = Release|Any CPU
		{C6DC1B94-574E-4DBA-B54C-F115975FBEE5}.ReleaseStripNoProfiling|Any CPU.ActiveCfg = Release|Any CPU
		{C6DC1B94-574E-4DBA-B54C-F115975FBEE5}.ReleaseStripNoProfiling|Any CPU.Build.0 = Release|Any CPU
		{C6DC1B94-574E-4DBA-B54C-F115975FBEE5}.ReleaseStripNoProfiling|x64.ActiveCfg = Release|Any CPU
		{C6DC1B94-574E-4DBA-B54C-F115975FBEE5}.ReleaseStripNoProfiling|x64.Build.0 = Release|Any CPU
		{C6DC1B94-574E-4DBA-B54C-F115975FBEE5}.ReleaseStripNoProfiling|x86.ActiveCfg = Release|Any CPU
		{C6DC1B94-574E-4DBA-B54C-F115975FBEE5}.ReleaseStripNoProfiling|x86.Build.0 = Release|Any CPU
		{378B5613-C3A1-4D19-B5A4-5BF255564758}.Debug|Any CPU.ActiveCfg = Debug|Any CPU
		{378B5613-C3A1-4D19-B5A4-5BF255564758}.Debug|Any CPU.Build.0 = Debug|Any CPU
		{378B5613-C3A1-4D19-B5A4-5BF255564758}.Debug|x64.ActiveCfg = Debug|Any CPU
		{378B5613-C3A1-4D19-B5A4-5BF255564758}.Debug|x64.Build.0 = Debug|Any CPU
		{378B5613-C3A1-4D19-B5A4-5BF255564758}.Debug|x86.ActiveCfg = Debug|Any CPU
		{378B5613-C3A1-4D19-B5A4-5BF255564758}.Debug|x86.Build.0 = Debug|Any CPU
		{378B5613-C3A1-4D19-B5A4-5BF255564758}.Release|Any CPU.ActiveCfg = Release|Any CPU
		{378B5613-C3A1-4D19-B5A4-5BF255564758}.Release|Any CPU.Build.0 = Release|Any CPU
		{378B5613-C3A1-4D19-B5A4-5BF255564758}.Release|x64.ActiveCfg = Release|Any CPU
		{378B5613-C3A1-4D19-B5A4-5BF255564758}.Release|x64.Build.0 = Release|Any CPU
		{378B5613-C3A1-4D19-B5A4-5BF255564758}.Release|x86.ActiveCfg = Release|Any CPU
		{378B5613-C3A1-4D19-B5A4-5BF255564758}.Release|x86.Build.0 = Release|Any CPU
		{378B5613-C3A1-4D19-B5A4-5BF255564758}.ReleaseStrip|Any CPU.ActiveCfg = Release|Any CPU
		{378B5613-C3A1-4D19-B5A4-5BF255564758}.ReleaseStrip|Any CPU.Build.0 = Release|Any CPU
		{378B5613-C3A1-4D19-B5A4-5BF255564758}.ReleaseStrip|x64.ActiveCfg = Release|Any CPU
		{378B5613-C3A1-4D19-B5A4-5BF255564758}.ReleaseStrip|x64.Build.0 = Release|Any CPU
		{378B5613-C3A1-4D19-B5A4-5BF255564758}.ReleaseStrip|x86.ActiveCfg = Release|Any CPU
		{378B5613-C3A1-4D19-B5A4-5BF255564758}.ReleaseStrip|x86.Build.0 = Release|Any CPU
		{378B5613-C3A1-4D19-B5A4-5BF255564758}.ReleaseStripNoProfiling|Any CPU.ActiveCfg = Release|Any CPU
		{378B5613-C3A1-4D19-B5A4-5BF255564758}.ReleaseStripNoProfiling|Any CPU.Build.0 = Release|Any CPU
		{378B5613-C3A1-4D19-B5A4-5BF255564758}.ReleaseStripNoProfiling|x64.ActiveCfg = Release|Any CPU
		{378B5613-C3A1-4D19-B5A4-5BF255564758}.ReleaseStripNoProfiling|x64.Build.0 = Release|Any CPU
		{378B5613-C3A1-4D19-B5A4-5BF255564758}.ReleaseStripNoProfiling|x86.ActiveCfg = Release|Any CPU
		{378B5613-C3A1-4D19-B5A4-5BF255564758}.ReleaseStripNoProfiling|x86.Build.0 = Release|Any CPU
		{56636EC7-CC1F-47A1-8F13-DFEEDA605C52}.Debug|Any CPU.ActiveCfg = Debug|Any CPU
		{56636EC7-CC1F-47A1-8F13-DFEEDA605C52}.Debug|Any CPU.Build.0 = Debug|Any CPU
		{56636EC7-CC1F-47A1-8F13-DFEEDA605C52}.Debug|x64.ActiveCfg = Debug|x64
		{56636EC7-CC1F-47A1-8F13-DFEEDA605C52}.Debug|x64.Build.0 = Debug|x64
		{56636EC7-CC1F-47A1-8F13-DFEEDA605C52}.Debug|x86.ActiveCfg = Debug|Any CPU
		{56636EC7-CC1F-47A1-8F13-DFEEDA605C52}.Debug|x86.Build.0 = Debug|Any CPU
		{56636EC7-CC1F-47A1-8F13-DFEEDA605C52}.Release|Any CPU.ActiveCfg = Release|Any CPU
		{56636EC7-CC1F-47A1-8F13-DFEEDA605C52}.Release|Any CPU.Build.0 = Release|Any CPU
		{56636EC7-CC1F-47A1-8F13-DFEEDA605C52}.Release|x64.ActiveCfg = Release|x64
		{56636EC7-CC1F-47A1-8F13-DFEEDA605C52}.Release|x64.Build.0 = Release|x64
		{56636EC7-CC1F-47A1-8F13-DFEEDA605C52}.Release|x86.ActiveCfg = Release|Any CPU
		{56636EC7-CC1F-47A1-8F13-DFEEDA605C52}.Release|x86.Build.0 = Release|Any CPU
		{56636EC7-CC1F-47A1-8F13-DFEEDA605C52}.ReleaseStrip|Any CPU.ActiveCfg = Release|Any CPU
		{56636EC7-CC1F-47A1-8F13-DFEEDA605C52}.ReleaseStrip|Any CPU.Build.0 = Release|Any CPU
		{56636EC7-CC1F-47A1-8F13-DFEEDA605C52}.ReleaseStrip|x64.ActiveCfg = Release|x64
		{56636EC7-CC1F-47A1-8F13-DFEEDA605C52}.ReleaseStrip|x64.Build.0 = Release|x64
		{56636EC7-CC1F-47A1-8F13-DFEEDA605C52}.ReleaseStrip|x86.ActiveCfg = Release|Any CPU
		{56636EC7-CC1F-47A1-8F13-DFEEDA605C52}.ReleaseStrip|x86.Build.0 = Release|Any CPU
		{56636EC7-CC1F-47A1-8F13-DFEEDA605C52}.ReleaseStripNoProfiling|Any CPU.ActiveCfg = Release|Any CPU
		{56636EC7-CC1F-47A1-8F13-DFEEDA605C52}.ReleaseStripNoProfiling|Any CPU.Build.0 = Release|Any CPU
		{56636EC7-CC1F-47A1-8F13-DFEEDA605C52}.ReleaseStripNoProfiling|x64.ActiveCfg = Release|x64
		{56636EC7-CC1F-47A1-8F13-DFEEDA605C52}.ReleaseStripNoProfiling|x64.Build.0 = Release|x64
		{56636EC7-CC1F-47A1-8F13-DFEEDA605C52}.ReleaseStripNoProfiling|x86.ActiveCfg = Release|Any CPU
		{56636EC7-CC1F-47A1-8F13-DFEEDA605C52}.ReleaseStripNoProfiling|x86.Build.0 = Release|Any CPU
		{D8FC3FD9-1CDD-4C36-8E6E-74069653AACF}.Debug|Any CPU.ActiveCfg = Debug|Any CPU
		{D8FC3FD9-1CDD-4C36-8E6E-74069653AACF}.Debug|Any CPU.Build.0 = Debug|Any CPU
		{D8FC3FD9-1CDD-4C36-8E6E-74069653AACF}.Debug|x64.ActiveCfg = Debug|x64
		{D8FC3FD9-1CDD-4C36-8E6E-74069653AACF}.Debug|x64.Build.0 = Debug|x64
		{D8FC3FD9-1CDD-4C36-8E6E-74069653AACF}.Debug|x86.ActiveCfg = Debug|Any CPU
		{D8FC3FD9-1CDD-4C36-8E6E-74069653AACF}.Debug|x86.Build.0 = Debug|Any CPU
		{D8FC3FD9-1CDD-4C36-8E6E-74069653AACF}.Release|Any CPU.ActiveCfg = Release|Any CPU
		{D8FC3FD9-1CDD-4C36-8E6E-74069653AACF}.Release|Any CPU.Build.0 = Release|Any CPU
		{D8FC3FD9-1CDD-4C36-8E6E-74069653AACF}.Release|x64.ActiveCfg = Release|x64
		{D8FC3FD9-1CDD-4C36-8E6E-74069653AACF}.Release|x64.Build.0 = Release|x64
		{D8FC3FD9-1CDD-4C36-8E6E-74069653AACF}.Release|x86.ActiveCfg = Release|Any CPU
		{D8FC3FD9-1CDD-4C36-8E6E-74069653AACF}.Release|x86.Build.0 = Release|Any CPU
		{D8FC3FD9-1CDD-4C36-8E6E-74069653AACF}.ReleaseStrip|Any CPU.ActiveCfg = Release|Any CPU
		{D8FC3FD9-1CDD-4C36-8E6E-74069653AACF}.ReleaseStrip|Any CPU.Build.0 = Release|Any CPU
		{D8FC3FD9-1CDD-4C36-8E6E-74069653AACF}.ReleaseStrip|x64.ActiveCfg = Release|x64
		{D8FC3FD9-1CDD-4C36-8E6E-74069653AACF}.ReleaseStrip|x64.Build.0 = Release|x64
		{D8FC3FD9-1CDD-4C36-8E6E-74069653AACF}.ReleaseStrip|x86.ActiveCfg = Release|Any CPU
		{D8FC3FD9-1CDD-4C36-8E6E-74069653AACF}.ReleaseStrip|x86.Build.0 = Release|Any CPU
		{D8FC3FD9-1CDD-4C36-8E6E-74069653AACF}.ReleaseStripNoProfiling|Any CPU.ActiveCfg = Release|Any CPU
		{D8FC3FD9-1CDD-4C36-8E6E-74069653AACF}.ReleaseStripNoProfiling|Any CPU.Build.0 = Release|Any CPU
		{D8FC3FD9-1CDD-4C36-8E6E-74069653AACF}.ReleaseStripNoProfiling|x64.ActiveCfg = Release|x64
		{D8FC3FD9-1CDD-4C36-8E6E-74069653AACF}.ReleaseStripNoProfiling|x64.Build.0 = Release|x64
		{D8FC3FD9-1CDD-4C36-8E6E-74069653AACF}.ReleaseStripNoProfiling|x86.ActiveCfg = Release|Any CPU
		{D8FC3FD9-1CDD-4C36-8E6E-74069653AACF}.ReleaseStripNoProfiling|x86.Build.0 = Release|Any CPU
		{26CF0E30-3501-4CA8-83F0-B2DA0E06CDDB}.Debug|Any CPU.ActiveCfg = Debug|Any CPU
		{26CF0E30-3501-4CA8-83F0-B2DA0E06CDDB}.Debug|Any CPU.Build.0 = Debug|Any CPU
		{26CF0E30-3501-4CA8-83F0-B2DA0E06CDDB}.Debug|x64.ActiveCfg = Debug|x64
		{26CF0E30-3501-4CA8-83F0-B2DA0E06CDDB}.Debug|x64.Build.0 = Debug|x64
		{26CF0E30-3501-4CA8-83F0-B2DA0E06CDDB}.Debug|x86.ActiveCfg = Debug|Any CPU
		{26CF0E30-3501-4CA8-83F0-B2DA0E06CDDB}.Debug|x86.Build.0 = Debug|Any CPU
		{26CF0E30-3501-4CA8-83F0-B2DA0E06CDDB}.Release|Any CPU.ActiveCfg = Release|Any CPU
		{26CF0E30-3501-4CA8-83F0-B2DA0E06CDDB}.Release|Any CPU.Build.0 = Release|Any CPU
		{26CF0E30-3501-4CA8-83F0-B2DA0E06CDDB}.Release|x64.ActiveCfg = Release|x64
		{26CF0E30-3501-4CA8-83F0-B2DA0E06CDDB}.Release|x64.Build.0 = Release|x64
		{26CF0E30-3501-4CA8-83F0-B2DA0E06CDDB}.Release|x86.ActiveCfg = Release|Any CPU
		{26CF0E30-3501-4CA8-83F0-B2DA0E06CDDB}.Release|x86.Build.0 = Release|Any CPU
		{26CF0E30-3501-4CA8-83F0-B2DA0E06CDDB}.ReleaseStrip|Any CPU.ActiveCfg = Release|Any CPU
		{26CF0E30-3501-4CA8-83F0-B2DA0E06CDDB}.ReleaseStrip|Any CPU.Build.0 = Release|Any CPU
		{26CF0E30-3501-4CA8-83F0-B2DA0E06CDDB}.ReleaseStrip|x64.ActiveCfg = Release|x64
		{26CF0E30-3501-4CA8-83F0-B2DA0E06CDDB}.ReleaseStrip|x64.Build.0 = Release|x64
		{26CF0E30-3501-4CA8-83F0-B2DA0E06CDDB}.ReleaseStrip|x86.ActiveCfg = Release|Any CPU
		{26CF0E30-3501-4CA8-83F0-B2DA0E06CDDB}.ReleaseStrip|x86.Build.0 = Release|Any CPU
		{26CF0E30-3501-4CA8-83F0-B2DA0E06CDDB}.ReleaseStripNoProfiling|Any CPU.ActiveCfg = Release|Any CPU
		{26CF0E30-3501-4CA8-83F0-B2DA0E06CDDB}.ReleaseStripNoProfiling|Any CPU.Build.0 = Release|Any CPU
		{26CF0E30-3501-4CA8-83F0-B2DA0E06CDDB}.ReleaseStripNoProfiling|x64.ActiveCfg = Release|x64
		{26CF0E30-3501-4CA8-83F0-B2DA0E06CDDB}.ReleaseStripNoProfiling|x64.Build.0 = Release|x64
		{26CF0E30-3501-4CA8-83F0-B2DA0E06CDDB}.ReleaseStripNoProfiling|x86.ActiveCfg = Release|Any CPU
		{26CF0E30-3501-4CA8-83F0-B2DA0E06CDDB}.ReleaseStripNoProfiling|x86.Build.0 = Release|Any CPU
		{39A9ED45-88D7-4DB8-B1D1-EE238026E58D}.Debug|Any CPU.ActiveCfg = Debug|Any CPU
		{39A9ED45-88D7-4DB8-B1D1-EE238026E58D}.Debug|Any CPU.Build.0 = Debug|Any CPU
		{39A9ED45-88D7-4DB8-B1D1-EE238026E58D}.Debug|x64.ActiveCfg = Debug|x64
		{39A9ED45-88D7-4DB8-B1D1-EE238026E58D}.Debug|x64.Build.0 = Debug|x64
		{39A9ED45-88D7-4DB8-B1D1-EE238026E58D}.Debug|x86.ActiveCfg = Debug|Any CPU
		{39A9ED45-88D7-4DB8-B1D1-EE238026E58D}.Debug|x86.Build.0 = Debug|Any CPU
		{39A9ED45-88D7-4DB8-B1D1-EE238026E58D}.Release|Any CPU.ActiveCfg = Release|Any CPU
		{39A9ED45-88D7-4DB8-B1D1-EE238026E58D}.Release|Any CPU.Build.0 = Release|Any CPU
		{39A9ED45-88D7-4DB8-B1D1-EE238026E58D}.Release|x64.ActiveCfg = Release|x64
		{39A9ED45-88D7-4DB8-B1D1-EE238026E58D}.Release|x64.Build.0 = Release|x64
		{39A9ED45-88D7-4DB8-B1D1-EE238026E58D}.Release|x86.ActiveCfg = Release|Any CPU
		{39A9ED45-88D7-4DB8-B1D1-EE238026E58D}.Release|x86.Build.0 = Release|Any CPU
		{39A9ED45-88D7-4DB8-B1D1-EE238026E58D}.ReleaseStrip|Any CPU.ActiveCfg = Release|Any CPU
		{39A9ED45-88D7-4DB8-B1D1-EE238026E58D}.ReleaseStrip|Any CPU.Build.0 = Release|Any CPU
		{39A9ED45-88D7-4DB8-B1D1-EE238026E58D}.ReleaseStrip|x64.ActiveCfg = Release|x64
		{39A9ED45-88D7-4DB8-B1D1-EE238026E58D}.ReleaseStrip|x64.Build.0 = Release|x64
		{39A9ED45-88D7-4DB8-B1D1-EE238026E58D}.ReleaseStrip|x86.ActiveCfg = Release|Any CPU
		{39A9ED45-88D7-4DB8-B1D1-EE238026E58D}.ReleaseStrip|x86.Build.0 = Release|Any CPU
		{39A9ED45-88D7-4DB8-B1D1-EE238026E58D}.ReleaseStripNoProfiling|Any CPU.ActiveCfg = Release|Any CPU
		{39A9ED45-88D7-4DB8-B1D1-EE238026E58D}.ReleaseStripNoProfiling|Any CPU.Build.0 = Release|Any CPU
		{39A9ED45-88D7-4DB8-B1D1-EE238026E58D}.ReleaseStripNoProfiling|x64.ActiveCfg = Release|x64
		{39A9ED45-88D7-4DB8-B1D1-EE238026E58D}.ReleaseStripNoProfiling|x64.Build.0 = Release|x64
		{39A9ED45-88D7-4DB8-B1D1-EE238026E58D}.ReleaseStripNoProfiling|x86.ActiveCfg = Release|Any CPU
		{39A9ED45-88D7-4DB8-B1D1-EE238026E58D}.ReleaseStripNoProfiling|x86.Build.0 = Release|Any CPU
		{93023FB4-04F3-4C13-BECB-5EC027D470FE}.Debug|Any CPU.ActiveCfg = Debug|Any CPU
		{93023FB4-04F3-4C13-BECB-5EC027D470FE}.Debug|Any CPU.Build.0 = Debug|Any CPU
		{93023FB4-04F3-4C13-BECB-5EC027D470FE}.Debug|x64.ActiveCfg = Debug|x64
		{93023FB4-04F3-4C13-BECB-5EC027D470FE}.Debug|x64.Build.0 = Debug|x64
		{93023FB4-04F3-4C13-BECB-5EC027D470FE}.Debug|x86.ActiveCfg = Debug|Any CPU
		{93023FB4-04F3-4C13-BECB-5EC027D470FE}.Debug|x86.Build.0 = Debug|Any CPU
		{93023FB4-04F3-4C13-BECB-5EC027D470FE}.Release|Any CPU.ActiveCfg = Release|Any CPU
		{93023FB4-04F3-4C13-BECB-5EC027D470FE}.Release|Any CPU.Build.0 = Release|Any CPU
		{93023FB4-04F3-4C13-BECB-5EC027D470FE}.Release|x64.ActiveCfg = Release|x64
		{93023FB4-04F3-4C13-BECB-5EC027D470FE}.Release|x64.Build.0 = Release|x64
		{93023FB4-04F3-4C13-BECB-5EC027D470FE}.Release|x86.ActiveCfg = Release|Any CPU
		{93023FB4-04F3-4C13-BECB-5EC027D470FE}.Release|x86.Build.0 = Release|Any CPU
		{93023FB4-04F3-4C13-BECB-5EC027D470FE}.ReleaseStrip|Any CPU.ActiveCfg = Release|Any CPU
		{93023FB4-04F3-4C13-BECB-5EC027D470FE}.ReleaseStrip|Any CPU.Build.0 = Release|Any CPU
		{93023FB4-04F3-4C13-BECB-5EC027D470FE}.ReleaseStrip|x64.ActiveCfg = Release|x64
		{93023FB4-04F3-4C13-BECB-5EC027D470FE}.ReleaseStrip|x64.Build.0 = Release|x64
		{93023FB4-04F3-4C13-BECB-5EC027D470FE}.ReleaseStrip|x86.ActiveCfg = Release|Any CPU
		{93023FB4-04F3-4C13-BECB-5EC027D470FE}.ReleaseStrip|x86.Build.0 = Release|Any CPU
		{93023FB4-04F3-4C13-BECB-5EC027D470FE}.ReleaseStripNoProfiling|Any CPU.ActiveCfg = Release|Any CPU
		{93023FB4-04F3-4C13-BECB-5EC027D470FE}.ReleaseStripNoProfiling|Any CPU.Build.0 = Release|Any CPU
		{93023FB4-04F3-4C13-BECB-5EC027D470FE}.ReleaseStripNoProfiling|x64.ActiveCfg = Release|x64
		{93023FB4-04F3-4C13-BECB-5EC027D470FE}.ReleaseStripNoProfiling|x64.Build.0 = Release|x64
		{93023FB4-04F3-4C13-BECB-5EC027D470FE}.ReleaseStripNoProfiling|x86.ActiveCfg = Release|Any CPU
		{93023FB4-04F3-4C13-BECB-5EC027D470FE}.ReleaseStripNoProfiling|x86.Build.0 = Release|Any CPU
		{DB7EECBD-F96D-4DF6-95C4-D97850097FC1}.Debug|Any CPU.ActiveCfg = Debug|Any CPU
		{DB7EECBD-F96D-4DF6-95C4-D97850097FC1}.Debug|Any CPU.Build.0 = Debug|Any CPU
		{DB7EECBD-F96D-4DF6-95C4-D97850097FC1}.Debug|x64.ActiveCfg = Debug|Any CPU
		{DB7EECBD-F96D-4DF6-95C4-D97850097FC1}.Debug|x64.Build.0 = Debug|Any CPU
		{DB7EECBD-F96D-4DF6-95C4-D97850097FC1}.Debug|x86.ActiveCfg = Debug|Any CPU
		{DB7EECBD-F96D-4DF6-95C4-D97850097FC1}.Debug|x86.Build.0 = Debug|Any CPU
		{DB7EECBD-F96D-4DF6-95C4-D97850097FC1}.Release|Any CPU.ActiveCfg = Release|Any CPU
		{DB7EECBD-F96D-4DF6-95C4-D97850097FC1}.Release|Any CPU.Build.0 = Release|Any CPU
		{DB7EECBD-F96D-4DF6-95C4-D97850097FC1}.Release|x64.ActiveCfg = Release|Any CPU
		{DB7EECBD-F96D-4DF6-95C4-D97850097FC1}.Release|x64.Build.0 = Release|Any CPU
		{DB7EECBD-F96D-4DF6-95C4-D97850097FC1}.Release|x86.ActiveCfg = Release|Any CPU
		{DB7EECBD-F96D-4DF6-95C4-D97850097FC1}.Release|x86.Build.0 = Release|Any CPU
		{DB7EECBD-F96D-4DF6-95C4-D97850097FC1}.ReleaseStrip|Any CPU.ActiveCfg = Release|Any CPU
		{DB7EECBD-F96D-4DF6-95C4-D97850097FC1}.ReleaseStrip|Any CPU.Build.0 = Release|Any CPU
		{DB7EECBD-F96D-4DF6-95C4-D97850097FC1}.ReleaseStrip|x64.ActiveCfg = Release|Any CPU
		{DB7EECBD-F96D-4DF6-95C4-D97850097FC1}.ReleaseStrip|x64.Build.0 = Release|Any CPU
		{DB7EECBD-F96D-4DF6-95C4-D97850097FC1}.ReleaseStrip|x86.ActiveCfg = Release|Any CPU
		{DB7EECBD-F96D-4DF6-95C4-D97850097FC1}.ReleaseStrip|x86.Build.0 = Release|Any CPU
		{DB7EECBD-F96D-4DF6-95C4-D97850097FC1}.ReleaseStripNoProfiling|Any CPU.ActiveCfg = Release|Any CPU
		{DB7EECBD-F96D-4DF6-95C4-D97850097FC1}.ReleaseStripNoProfiling|Any CPU.Build.0 = Release|Any CPU
		{DB7EECBD-F96D-4DF6-95C4-D97850097FC1}.ReleaseStripNoProfiling|x64.ActiveCfg = Release|Any CPU
		{DB7EECBD-F96D-4DF6-95C4-D97850097FC1}.ReleaseStripNoProfiling|x64.Build.0 = Release|Any CPU
		{DB7EECBD-F96D-4DF6-95C4-D97850097FC1}.ReleaseStripNoProfiling|x86.ActiveCfg = Release|Any CPU
		{DB7EECBD-F96D-4DF6-95C4-D97850097FC1}.ReleaseStripNoProfiling|x86.Build.0 = Release|Any CPU
		{E71CAC82-E545-4D0A-86AB-52C3F5B4479E}.Debug|Any CPU.ActiveCfg = Debug|Any CPU
		{E71CAC82-E545-4D0A-86AB-52C3F5B4479E}.Debug|Any CPU.Build.0 = Debug|Any CPU
		{E71CAC82-E545-4D0A-86AB-52C3F5B4479E}.Debug|x64.ActiveCfg = Debug|x64
		{E71CAC82-E545-4D0A-86AB-52C3F5B4479E}.Debug|x64.Build.0 = Debug|x64
		{E71CAC82-E545-4D0A-86AB-52C3F5B4479E}.Debug|x86.ActiveCfg = Debug|Any CPU
		{E71CAC82-E545-4D0A-86AB-52C3F5B4479E}.Debug|x86.Build.0 = Debug|Any CPU
		{E71CAC82-E545-4D0A-86AB-52C3F5B4479E}.Release|Any CPU.ActiveCfg = Release|Any CPU
		{E71CAC82-E545-4D0A-86AB-52C3F5B4479E}.Release|Any CPU.Build.0 = Release|Any CPU
		{E71CAC82-E545-4D0A-86AB-52C3F5B4479E}.Release|x64.ActiveCfg = Release|x64
		{E71CAC82-E545-4D0A-86AB-52C3F5B4479E}.Release|x64.Build.0 = Release|x64
		{E71CAC82-E545-4D0A-86AB-52C3F5B4479E}.Release|x86.ActiveCfg = Release|Any CPU
		{E71CAC82-E545-4D0A-86AB-52C3F5B4479E}.Release|x86.Build.0 = Release|Any CPU
		{E71CAC82-E545-4D0A-86AB-52C3F5B4479E}.ReleaseStrip|Any CPU.ActiveCfg = Release|Any CPU
		{E71CAC82-E545-4D0A-86AB-52C3F5B4479E}.ReleaseStrip|Any CPU.Build.0 = Release|Any CPU
		{E71CAC82-E545-4D0A-86AB-52C3F5B4479E}.ReleaseStrip|x64.ActiveCfg = Release|x64
		{E71CAC82-E545-4D0A-86AB-52C3F5B4479E}.ReleaseStrip|x64.Build.0 = Release|x64
		{E71CAC82-E545-4D0A-86AB-52C3F5B4479E}.ReleaseStrip|x86.ActiveCfg = Release|Any CPU
		{E71CAC82-E545-4D0A-86AB-52C3F5B4479E}.ReleaseStrip|x86.Build.0 = Release|Any CPU
		{E71CAC82-E545-4D0A-86AB-52C3F5B4479E}.ReleaseStripNoProfiling|Any CPU.ActiveCfg = Release|Any CPU
		{E71CAC82-E545-4D0A-86AB-52C3F5B4479E}.ReleaseStripNoProfiling|Any CPU.Build.0 = Release|Any CPU
		{E71CAC82-E545-4D0A-86AB-52C3F5B4479E}.ReleaseStripNoProfiling|x64.ActiveCfg = Release|x64
		{E71CAC82-E545-4D0A-86AB-52C3F5B4479E}.ReleaseStripNoProfiling|x64.Build.0 = Release|x64
		{E71CAC82-E545-4D0A-86AB-52C3F5B4479E}.ReleaseStripNoProfiling|x86.ActiveCfg = Release|Any CPU
		{E71CAC82-E545-4D0A-86AB-52C3F5B4479E}.ReleaseStripNoProfiling|x86.Build.0 = Release|Any CPU
	EndGlobalSection
	GlobalSection(SolutionProperties) = preSolution
		HideSolutionNode = FALSE
	EndGlobalSection
	GlobalSection(NestedProjects) = preSolution
		{56636EC7-CC1F-47A1-8F13-DFEEDA605C52} = {86E9A574-B85C-4126-AA3D-F20B22052C96}
		{D8FC3FD9-1CDD-4C36-8E6E-74069653AACF} = {86E9A574-B85C-4126-AA3D-F20B22052C96}
		{26CF0E30-3501-4CA8-83F0-B2DA0E06CDDB} = {86E9A574-B85C-4126-AA3D-F20B22052C96}
		{39A9ED45-88D7-4DB8-B1D1-EE238026E58D} = {86E9A574-B85C-4126-AA3D-F20B22052C96}
		{93023FB4-04F3-4C13-BECB-5EC027D470FE} = {86E9A574-B85C-4126-AA3D-F20B22052C96}
		{DB7EECBD-F96D-4DF6-95C4-D97850097FC1} = {FC2962A5-61D3-414C-98E8-A6E535118918}
		{E71CAC82-E545-4D0A-86AB-52C3F5B4479E} = {83F200CB-12FE-4E24-9AF7-D7CADEA2AC19}
	EndGlobalSection
	GlobalSection(ExtensibilityGlobals) = postSolution
		SolutionGuid = {A6894B51-5773-4C78-8BDA-83890B33A851}
	EndGlobalSection
EndGlobal
